
Microsoft Visual Studio Solution File, Format Version 12.00
# Visual Studio 15
Project("{FAE04EC0-301F-11D3-BF4B-00C04F79EFBC}") = "AstarPathfindingProject", "AstarPathfindingProject.csproj", "{F6CC2DD7-A82D-50C9-85A5-1B32209E04E3}"
EndProject
Project("{FAE04EC0-301F-11D3-BF4B-00C04F79EFBC}") = "Assembly-CSharp", "Assembly-CSharp.csproj", "{C8A7FD61-3154-A551-8A25-10CF8607034A}"
EndProject
Project("{FAE04EC0-301F-11D3-BF4B-00C04F79EFBC}") = "AstarPathfindingProjectEditor", "AstarPathfindingProjectEditor.csproj", "{F4C9BE45-1E2B-C976-5255-90D68A6DF0B5}"
EndProject
Project("{FAE04EC0-301F-11D3-BF4B-00C04F79EFBC}") = "PackageToolsEditor", "PackageToolsEditor.csproj", "{3618340A-4E03-969E-3EA2-C067AFEFD049}"
EndProject
Global
	GlobalSection(SolutionConfigurationPlatforms) = preSolution
		Debug|Any CPU = Debug|Any CPU
		Release|Any CPU = Release|Any CPU
	EndGlobalSection
	GlobalSection(ProjectConfigurationPlatforms) = postSolution
		{F6CC2DD7-A82D-50C9-85A5-1B32209E04E3}.Debug|Any CPU.ActiveCfg = Debug|Any CPU
		{F6CC2DD7-A82D-50C9-85A5-1B32209E04E3}.Debug|Any CPU.Build.0 = Debug|Any CPU
		{F6CC2DD7-A82D-50C9-85A5-1B32209E04E3}.Release|Any CPU.ActiveCfg = Release|Any CPU
		{F6CC2DD7-A82D-50C9-85A5-1B32209E04E3}.Release|Any CPU.Build.0 = Release|Any CPU
		{C8A7FD61-3154-A551-8A25-10CF8607034A}.Debug|Any CPU.ActiveCfg = Debug|Any CPU
		{C8A7FD61-3154-A551-8A25-10CF8607034A}.Debug|Any CPU.Build.0 = Debug|Any CPU
		{C8A7FD61-3154-A551-8A25-10CF8607034A}.Release|Any CPU.ActiveCfg = Release|Any CPU
		{C8A7FD61-3154-A551-8A25-10CF8607034A}.Release|Any CPU.Build.0 = Release|Any CPU
		{F4C9BE45-1E2B-C976-5255-90D68A6DF0B5}.Debug|Any CPU.ActiveCfg = Debug|Any CPU
		{F4C9BE45-1E2B-C976-5255-90D68A6DF0B5}.Debug|Any CPU.Build.0 = Debug|Any CPU
		{F4C9BE45-1E2B-C976-5255-90D68A6DF0B5}.Release|Any CPU.ActiveCfg = Release|Any CPU
		{F4C9BE45-1E2B-C976-5255-90D68A6DF0B5}.Release|Any CPU.Build.0 = Release|Any CPU
		{3618340A-4E03-969E-3EA2-C067AFEFD049}.Debug|Any CPU.ActiveCfg = Debug|Any CPU
		{3618340A-4E03-969E-3EA2-C067AFEFD049}.Debug|Any CPU.Build.0 = Debug|Any CPU
		{3618340A-4E03-969E-3EA2-C067AFEFD049}.Release|Any CPU.ActiveCfg = Release|Any CPU
		{3618340A-4E03-969E-3EA2-C067AFEFD049}.Release|Any CPU.Build.0 = Release|Any CPU
	EndGlobalSection
	GlobalSection(SolutionProperties) = preSolution
		HideSolutionNode = FALSE
	EndGlobalSection
EndGlobal
